{"packages":{"bot":{"version":"0.10.0","source":"hosted","description":"bot"},"logging":{"version":"0.2.10+1","source":"hosted","description":"logging"},"args":{"version":"0.2.10+1","source":"hosted","description":"args"},"unittest":{"version":"0.2.10+1","source":"hosted","description":"unittest"},"meta":{"version":"0.2.10+1","source":"hosted","description":"meta"}}}