        # Generated by pub. See: http://pub.dartlang.org/doc/glossary.html#lockfile
         {"packages":{"bot":{"version":"0.14.2","source":"hosted","description":"bot"},"logging":{"version":"0.4.0","source":"hosted","description":"logging"},"browser":{"version":"0.4.0","source":"hosted","description":"browser"},"args":{"version":"0.4.0","source":"hosted","description":"args"},"unittest":{"version":"0.4.0","source":"hosted","description":"unittest"},"meta":{"version":"0.4.0","source":"hosted","description":"meta"}}}
        